// !$*UTF8*$!
{
	archiveVersion = 1;
	classes = {
	};
	objectVersion = 50;
	objects = {

/* Begin PBXBuildFile section */
		DE5E584B0D38ED39F3BB8639 /* Pods_Showa_AppleMusic.framework in Frameworks */ = {isa = PBXBuildFile; fileRef = E1CABC2B4A0CD3AC673414C0 /* Pods_Showa_AppleMusic.framework */; };
		E847CEF72247B4BA00E90BDA /* launchShawa.png in Resources */ = {isa = PBXBuildFile; fileRef = E847CEF62247B4BA00E90BDA /* launchShawa.png */; };
		E847CEFB2247B5A800E90BDA /* barc (1).png in Resources */ = {isa = PBXBuildFile; fileRef = E847CEFA2247B5A800E90BDA /* barc (1).png */; };
		E847CEFF2247B83300E90BDA /* Untitled design (1).png in Resources */ = {isa = PBXBuildFile; fileRef = E847CEFE2247B83200E90BDA /* Untitled design (1).png */; };
		E8C069BA2245FB9900760959 /* AppDelegate.swift in Sources */ = {isa = PBXBuildFile; fileRef = E8C069B92245FB9900760959 /* AppDelegate.swift */; };
		E8C069BC2245FB9900760959 /* ViewController.swift in Sources */ = {isa = PBXBuildFile; fileRef = E8C069BB2245FB9900760959 /* ViewController.swift */; };
		E8C069BF2245FB9900760959 /* Main.storyboard in Resources */ = {isa = PBXBuildFile; fileRef = E8C069BD2245FB9900760959 /* Main.storyboard */; };
		E8C069C22245FB9900760959 /* Showa_AppleMusic.xcdatamodeld in Sources */ = {isa = PBXBuildFile; fileRef = E8C069C02245FB9900760959 /* Showa_AppleMusic.xcdatamodeld */; };
		E8C069C42245FB9B00760959 /* Assets.xcassets in Resources */ = {isa = PBXBuildFile; fileRef = E8C069C32245FB9B00760959 /* Assets.xcassets */; };
		E8C069C72245FB9B00760959 /* LaunchScreen.storyboard in Resources */ = {isa = PBXBuildFile; fileRef = E8C069C52245FB9B00760959 /* LaunchScreen.storyboard */; };
		E8C069CF224607B400760959 /* UIColor+TC.swift in Sources */ = {isa = PBXBuildFile; fileRef = E8C069CE224607B400760959 /* UIColor+TC.swift */; };
		E8C069D122460B6600760959 /* SessionViewController.swift in Sources */ = {isa = PBXBuildFile; fileRef = E8C069D022460B6600760959 /* SessionViewController.swift */; };
		E8C069D3224694AD00760959 /* SessionOverviewViewController.swift in Sources */ = {isa = PBXBuildFile; fileRef = E8C069D2224694AD00760959 /* SessionOverviewViewController.swift */; };
		E8C069D52246BA5500760959 /* GoogleService-Info.plist in Resources */ = {isa = PBXBuildFile; fileRef = E8C069D42246BA4C00760959 /* GoogleService-Info.plist */; };
		E8C069D72246BC1A00760959 /* Login.storyboard in Resources */ = {isa = PBXBuildFile; fileRef = E8C069D62246BC1A00760959 /* Login.storyboard */; };
		E8C069D92246BEDC00760959 /* LoginViewController.swift in Sources */ = {isa = PBXBuildFile; fileRef = E8C069D82246BEDC00760959 /* LoginViewController.swift */; };
		E8C069DB2246BEEA00760959 /* CreateUsernameViewController.swift in Sources */ = {isa = PBXBuildFile; fileRef = E8C069DA2246BEEA00760959 /* CreateUsernameViewController.swift */; };
		E8C069DD2246BFC400760959 /* UserService.swift in Sources */ = {isa = PBXBuildFile; fileRef = E8C069DC2246BFC400760959 /* UserService.swift */; };
		E8C069DF2246BFF500760959 /* Constants.swift in Sources */ = {isa = PBXBuildFile; fileRef = E8C069DE2246BFF500760959 /* Constants.swift */; };
		E8C069E12246C24400760959 /* Person.swift in Sources */ = {isa = PBXBuildFile; fileRef = E8C069E02246C24400760959 /* Person.swift */; };
/* End PBXBuildFile section */

/* Begin PBXFileReference section */
		4E3398D322ED6CC5436C4624 /* Pods-Showa-AppleMusic.debug.xcconfig */ = {isa = PBXFileReference; includeInIndex = 1; lastKnownFileType = text.xcconfig; name = "Pods-Showa-AppleMusic.debug.xcconfig"; path = "Pods/Target Support Files/Pods-Showa-AppleMusic/Pods-Showa-AppleMusic.debug.xcconfig"; sourceTree = "<group>"; };
		E1CABC2B4A0CD3AC673414C0 /* Pods_Showa_AppleMusic.framework */ = {isa = PBXFileReference; explicitFileType = wrapper.framework; includeInIndex = 0; path = Pods_Showa_AppleMusic.framework; sourceTree = BUILT_PRODUCTS_DIR; };
		E847CEF62247B4BA00E90BDA /* launchShawa.png */ = {isa = PBXFileReference; lastKnownFileType = image.png; path = launchShawa.png; sourceTree = "<group>"; };
		E847CEFA2247B5A800E90BDA /* barc (1).png */ = {isa = PBXFileReference; lastKnownFileType = image.png; path = "barc (1).png"; sourceTree = "<group>"; };
		E847CEFE2247B83200E90BDA /* Untitled design (1).png */ = {isa = PBXFileReference; lastKnownFileType = image.png; path = "Untitled design (1).png"; sourceTree = "<group>"; };
		E8C069B62245FB9900760959 /* Showa-AppleMusic.app */ = {isa = PBXFileReference; explicitFileType = wrapper.application; includeInIndex = 0; path = "Showa-AppleMusic.app"; sourceTree = BUILT_PRODUCTS_DIR; };
		E8C069B92245FB9900760959 /* AppDelegate.swift */ = {isa = PBXFileReference; lastKnownFileType = sourcecode.swift; path = AppDelegate.swift; sourceTree = "<group>"; };
		E8C069BB2245FB9900760959 /* ViewController.swift */ = {isa = PBXFileReference; lastKnownFileType = sourcecode.swift; path = ViewController.swift; sourceTree = "<group>"; };
		E8C069BE2245FB9900760959 /* Base */ = {isa = PBXFileReference; lastKnownFileType = file.storyboard; name = Base; path = Base.lproj/Main.storyboard; sourceTree = "<group>"; };
		E8C069C12245FB9900760959 /* Showa_AppleMusic.xcdatamodel */ = {isa = PBXFileReference; lastKnownFileType = wrapper.xcdatamodel; path = Showa_AppleMusic.xcdatamodel; sourceTree = "<group>"; };
		E8C069C32245FB9B00760959 /* Assets.xcassets */ = {isa = PBXFileReference; lastKnownFileType = folder.assetcatalog; path = Assets.xcassets; sourceTree = "<group>"; };
		E8C069C62245FB9B00760959 /* Base */ = {isa = PBXFileReference; lastKnownFileType = file.storyboard; name = Base; path = Base.lproj/LaunchScreen.storyboard; sourceTree = "<group>"; };
		E8C069C82245FB9B00760959 /* Info.plist */ = {isa = PBXFileReference; lastKnownFileType = text.plist.xml; path = Info.plist; sourceTree = "<group>"; };
		E8C069CE224607B400760959 /* UIColor+TC.swift */ = {isa = PBXFileReference; lastKnownFileType = sourcecode.swift; path = "UIColor+TC.swift"; sourceTree = "<group>"; };
		E8C069D022460B6600760959 /* SessionViewController.swift */ = {isa = PBXFileReference; lastKnownFileType = sourcecode.swift; path = SessionViewController.swift; sourceTree = "<group>"; };
		E8C069D2224694AD00760959 /* SessionOverviewViewController.swift */ = {isa = PBXFileReference; lastKnownFileType = sourcecode.swift; path = SessionOverviewViewController.swift; sourceTree = "<group>"; };
		E8C069D42246BA4C00760959 /* GoogleService-Info.plist */ = {isa = PBXFileReference; fileEncoding = 4; lastKnownFileType = text.plist.xml; path = "GoogleService-Info.plist"; sourceTree = "<group>"; };
		E8C069D62246BC1A00760959 /* Login.storyboard */ = {isa = PBXFileReference; lastKnownFileType = file.storyboard; path = Login.storyboard; sourceTree = "<group>"; };
		E8C069D82246BEDC00760959 /* LoginViewController.swift */ = {isa = PBXFileReference; lastKnownFileType = sourcecode.swift; path = LoginViewController.swift; sourceTree = "<group>"; };
		E8C069DA2246BEEA00760959 /* CreateUsernameViewController.swift */ = {isa = PBXFileReference; lastKnownFileType = sourcecode.swift; path = CreateUsernameViewController.swift; sourceTree = "<group>"; };
		E8C069DC2246BFC400760959 /* UserService.swift */ = {isa = PBXFileReference; lastKnownFileType = sourcecode.swift; path = UserService.swift; sourceTree = "<group>"; };
		E8C069DE2246BFF500760959 /* Constants.swift */ = {isa = PBXFileReference; lastKnownFileType = sourcecode.swift; path = Constants.swift; sourceTree = "<group>"; };
		E8C069E02246C24400760959 /* Person.swift */ = {isa = PBXFileReference; lastKnownFileType = sourcecode.swift; path = Person.swift; sourceTree = "<group>"; };
		F637BDA21EF1739C0B57E96F /* Pods-Showa-AppleMusic.release.xcconfig */ = {isa = PBXFileReference; includeInIndex = 1; lastKnownFileType = text.xcconfig; name = "Pods-Showa-AppleMusic.release.xcconfig"; path = "Pods/Target Support Files/Pods-Showa-AppleMusic/Pods-Showa-AppleMusic.release.xcconfig"; sourceTree = "<group>"; };
/* End PBXFileReference section */

/* Begin PBXFrameworksBuildPhase section */
		E8C069B32245FB9900760959 /* Frameworks */ = {
			isa = PBXFrameworksBuildPhase;
			buildActionMask = 2147483647;
			files = (
				DE5E584B0D38ED39F3BB8639 /* Pods_Showa_AppleMusic.framework in Frameworks */,
			);
			runOnlyForDeploymentPostprocessing = 0;
		};
/* End PBXFrameworksBuildPhase section */

/* Begin PBXGroup section */
		438927618F240D96574165BC /* Frameworks */ = {
			isa = PBXGroup;
			children = (
				E1CABC2B4A0CD3AC673414C0 /* Pods_Showa_AppleMusic.framework */,
			);
			name = Frameworks;
			sourceTree = "<group>";
		};
		80D4034C34D9758B7CF7208C /* Pods */ = {
			isa = PBXGroup;
			children = (
				4E3398D322ED6CC5436C4624 /* Pods-Showa-AppleMusic.debug.xcconfig */,
				F637BDA21EF1739C0B57E96F /* Pods-Showa-AppleMusic.release.xcconfig */,
			);
			name = Pods;
			sourceTree = "<group>";
		};
		E8C069AD2245FB9900760959 = {
			isa = PBXGroup;
			children = (
				E8C069B82245FB9900760959 /* Showa-AppleMusic */,
				E8C069B72245FB9900760959 /* Products */,
				80D4034C34D9758B7CF7208C /* Pods */,
				438927618F240D96574165BC /* Frameworks */,
			);
			sourceTree = "<group>";
		};
		E8C069B72245FB9900760959 /* Products */ = {
			isa = PBXGroup;
			children = (
				E8C069B62245FB9900760959 /* Showa-AppleMusic.app */,
			);
			name = Products;
			sourceTree = "<group>";
		};
		E8C069B82245FB9900760959 /* Showa-AppleMusic */ = {
			isa = PBXGroup;
			children = (
				E8C069B92245FB9900760959 /* AppDelegate.swift */,
				E8C069BB2245FB9900760959 /* ViewController.swift */,
				E8C069BD2245FB9900760959 /* Main.storyboard */,
				E8C069C32245FB9B00760959 /* Assets.xcassets */,
				E847CEF62247B4BA00E90BDA /* launchShawa.png */,
				E8C069C52245FB9B00760959 /* LaunchScreen.storyboard */,
				E8C069C82245FB9B00760959 /* Info.plist */,
				E8C069C02245FB9900760959 /* Showa_AppleMusic.xcdatamodeld */,
				E8C069CE224607B400760959 /* UIColor+TC.swift */,
				E8C069D022460B6600760959 /* SessionViewController.swift */,
				E8C069D42246BA4C00760959 /* GoogleService-Info.plist */,
				E8C069D2224694AD00760959 /* SessionOverviewViewController.swift */,
				E8C069D62246BC1A00760959 /* Login.storyboard */,
				E8C069D82246BEDC00760959 /* LoginViewController.swift */,
				E8C069DA2246BEEA00760959 /* CreateUsernameViewController.swift */,
				E8C069DC2246BFC400760959 /* UserService.swift */,
				E8C069DE2246BFF500760959 /* Constants.swift */,
				E8C069E02246C24400760959 /* Person.swift */,
				E847CEFE2247B83200E90BDA /* Untitled design (1).png */,
				E847CEFA2247B5A800E90BDA /* barc (1).png */,
			);
			path = "Showa-AppleMusic";
			sourceTree = "<group>";
		};
/* End PBXGroup section */

/* Begin PBXNativeTarget section */
		E8C069B52245FB9900760959 /* Showa-AppleMusic */ = {
			isa = PBXNativeTarget;
			buildConfigurationList = E8C069CB2245FB9B00760959 /* Build configuration list for PBXNativeTarget "Showa-AppleMusic" */;
			buildPhases = (
				F5D4C62732D553C2BBB5E898 /* [CP] Check Pods Manifest.lock */,
				E8C069B22245FB9900760959 /* Sources */,
				E8C069B32245FB9900760959 /* Frameworks */,
				E8C069B42245FB9900760959 /* Resources */,
				1C9A80085E9A319826F8FA44 /* [CP] Embed Pods Frameworks */,
				54920A205CC96466E5CD8DB2 /* [CP] Copy Pods Resources */,
			);
			buildRules = (
			);
			dependencies = (
			);
			name = "Showa-AppleMusic";
			productName = "Showa-AppleMusic";
			productReference = E8C069B62245FB9900760959 /* Showa-AppleMusic.app */;
			productType = "com.apple.product-type.application";
		};
/* End PBXNativeTarget section */

/* Begin PBXProject section */
		E8C069AE2245FB9900760959 /* Project object */ = {
			isa = PBXProject;
			attributes = {
				LastSwiftUpdateCheck = 1010;
				LastUpgradeCheck = 1010;
				ORGANIZATIONNAME = "Emmie Ohnuki";
				TargetAttributes = {
					E8C069B52245FB9900760959 = {
						CreatedOnToolsVersion = 10.1;
					};
				};
			};
			buildConfigurationList = E8C069B12245FB9900760959 /* Build configuration list for PBXProject "Showa-AppleMusic" */;
			compatibilityVersion = "Xcode 9.3";
			developmentRegion = en;
			hasScannedForEncodings = 0;
			knownRegions = (
				en,
				Base,
			);
			mainGroup = E8C069AD2245FB9900760959;
			productRefGroup = E8C069B72245FB9900760959 /* Products */;
			projectDirPath = "";
			projectRoot = "";
			targets = (
				E8C069B52245FB9900760959 /* Showa-AppleMusic */,
			);
		};
/* End PBXProject section */

/* Begin PBXResourcesBuildPhase section */
		E8C069B42245FB9900760959 /* Resources */ = {
			isa = PBXResourcesBuildPhase;
			buildActionMask = 2147483647;
			files = (
				E847CEFF2247B83300E90BDA /* Untitled design (1).png in Resources */,
				E8C069D52246BA5500760959 /* GoogleService-Info.plist in Resources */,
				E8C069C72245FB9B00760959 /* LaunchScreen.storyboard in Resources */,
				E8C069C42245FB9B00760959 /* Assets.xcassets in Resources */,
				E8C069D72246BC1A00760959 /* Login.storyboard in Resources */,
				E8C069BF2245FB9900760959 /* Main.storyboard in Resources */,
				E847CEF72247B4BA00E90BDA /* launchShawa.png in Resources */,
				E847CEFB2247B5A800E90BDA /* barc (1).png in Resources */,
			);
			runOnlyForDeploymentPostprocessing = 0;
		};
/* End PBXResourcesBuildPhase section */

/* Begin PBXShellScriptBuildPhase section */
		1C9A80085E9A319826F8FA44 /* [CP] Embed Pods Frameworks */ = {
			isa = PBXShellScriptBuildPhase;
			buildActionMask = 2147483647;
			files = (
			);
			inputPaths = (
				"${SRCROOT}/Pods/Target Support Files/Pods-Showa-AppleMusic/Pods-Showa-AppleMusic-frameworks.sh",
				"${BUILT_PRODUCTS_DIR}/GTMSessionFetcher/GTMSessionFetcher.framework",
				"${BUILT_PRODUCTS_DIR}/GoogleUtilities/GoogleUtilities.framework",
				"${BUILT_PRODUCTS_DIR}/SwiftCharts/SwiftCharts.framework",
				"${BUILT_PRODUCTS_DIR}/leveldb-library/leveldb.framework",
				"${BUILT_PRODUCTS_DIR}/nanopb/nanopb.framework",
			);
			name = "[CP] Embed Pods Frameworks";
			outputPaths = (
				"${TARGET_BUILD_DIR}/${FRAMEWORKS_FOLDER_PATH}/GTMSessionFetcher.framework",
				"${TARGET_BUILD_DIR}/${FRAMEWORKS_FOLDER_PATH}/GoogleUtilities.framework",
				"${TARGET_BUILD_DIR}/${FRAMEWORKS_FOLDER_PATH}/SwiftCharts.framework",
				"${TARGET_BUILD_DIR}/${FRAMEWORKS_FOLDER_PATH}/leveldb.framework",
				"${TARGET_BUILD_DIR}/${FRAMEWORKS_FOLDER_PATH}/nanopb.framework",
			);
			runOnlyForDeploymentPostprocessing = 0;
			shellPath = /bin/sh;
			shellScript = "\"${SRCROOT}/Pods/Target Support Files/Pods-Showa-AppleMusic/Pods-Showa-AppleMusic-frameworks.sh\"\n";
			showEnvVarsInLog = 0;
		};
		54920A205CC96466E5CD8DB2 /* [CP] Copy Pods Resources */ = {
			isa = PBXShellScriptBuildPhase;
			buildActionMask = 2147483647;
			files = (
			);
			inputPaths = (
				"${SRCROOT}/Pods/Target Support Files/Pods-Showa-AppleMusic/Pods-Showa-AppleMusic-resources.sh",
				"${PODS_CONFIGURATION_BUILD_DIR}/FirebaseUI/FirebaseAuthUI.bundle",
			);
			name = "[CP] Copy Pods Resources";
			outputPaths = (
				"${TARGET_BUILD_DIR}/${UNLOCALIZED_RESOURCES_FOLDER_PATH}/FirebaseAuthUI.bundle",
			);
			runOnlyForDeploymentPostprocessing = 0;
			shellPath = /bin/sh;
			shellScript = "\"${SRCROOT}/Pods/Target Support Files/Pods-Showa-AppleMusic/Pods-Showa-AppleMusic-resources.sh\"\n";
			showEnvVarsInLog = 0;
		};
		F5D4C62732D553C2BBB5E898 /* [CP] Check Pods Manifest.lock */ = {
			isa = PBXShellScriptBuildPhase;
			buildActionMask = 2147483647;
			files = (
			);
			inputPaths = (
				"${PODS_PODFILE_DIR_PATH}/Podfile.lock",
				"${PODS_ROOT}/Manifest.lock",
			);
			name = "[CP] Check Pods Manifest.lock";
			outputPaths = (
				"$(DERIVED_FILE_DIR)/Pods-Showa-AppleMusic-checkManifestLockResult.txt",
			);
			runOnlyForDeploymentPostprocessing = 0;
			shellPath = /bin/sh;
			shellScript = "diff \"${PODS_PODFILE_DIR_PATH}/Podfile.lock\" \"${PODS_ROOT}/Manifest.lock\" > /dev/null\nif [ $? != 0 ] ; then\n    # print error to STDERR\n    echo \"error: The sandbox is not in sync with the Podfile.lock. Run 'pod install' or update your CocoaPods installation.\" >&2\n    exit 1\nfi\n# This output is used by Xcode 'outputs' to avoid re-running this script phase.\necho \"SUCCESS\" > \"${SCRIPT_OUTPUT_FILE_0}\"\n";
			showEnvVarsInLog = 0;
		};
/* End PBXShellScriptBuildPhase section */

/* Begin PBXSourcesBuildPhase section */
		E8C069B22245FB9900760959 /* Sources */ = {
			isa = PBXSourcesBuildPhase;
			buildActionMask = 2147483647;
			files = (
				E8C069DB2246BEEA00760959 /* CreateUsernameViewController.swift in Sources */,
				E8C069D92246BEDC00760959 /* LoginViewController.swift in Sources */,
				E8C069DD2246BFC400760959 /* UserService.swift in Sources */,
				E8C069BC2245FB9900760959 /* ViewController.swift in Sources */,
				E8C069C22245FB9900760959 /* Showa_AppleMusic.xcdatamodeld in Sources */,
				E8C069DF2246BFF500760959 /* Constants.swift in Sources */,
				E8C069CF224607B400760959 /* UIColor+TC.swift in Sources */,
				E8C069D122460B6600760959 /* SessionViewController.swift in Sources */,
				E8C069D3224694AD00760959 /* SessionOverviewViewController.swift in Sources */,
				E8C069BA2245FB9900760959 /* AppDelegate.swift in Sources */,
				E8C069E12246C24400760959 /* Person.swift in Sources */,
			);
			runOnlyForDeploymentPostprocessing = 0;
		};
/* End PBXSourcesBuildPhase section */

/* Begin PBXVariantGroup section */
		E8C069BD2245FB9900760959 /* Main.storyboard */ = {
			isa = PBXVariantGroup;
			children = (
				E8C069BE2245FB9900760959 /* Base */,
			);
			name = Main.storyboard;
			sourceTree = "<group>";
		};
		E8C069C52245FB9B00760959 /* LaunchScreen.storyboard */ = {
			isa = PBXVariantGroup;
			children = (
				E8C069C62245FB9B00760959 /* Base */,
			);
			name = LaunchScreen.storyboard;
			sourceTree = "<group>";
		};
/* End PBXVariantGroup section */

/* Begin XCBuildConfiguration section */
		E8C069C92245FB9B00760959 /* Debug */ = {
			isa = XCBuildConfiguration;
			buildSettings = {
				ALWAYS_SEARCH_USER_PATHS = NO;
				CLANG_ANALYZER_NONNULL = YES;
				CLANG_ANALYZER_NUMBER_OBJECT_CONVERSION = YES_AGGRESSIVE;
				CLANG_CXX_LANGUAGE_STANDARD = "gnu++14";
				CLANG_CXX_LIBRARY = "libc++";
				CLANG_ENABLE_MODULES = YES;
				CLANG_ENABLE_OBJC_ARC = YES;
				CLANG_ENABLE_OBJC_WEAK = YES;
				CLANG_WARN_BLOCK_CAPTURE_AUTORELEASING = YES;
				CLANG_WARN_BOOL_CONVERSION = YES;
				CLANG_WARN_COMMA = YES;
				CLANG_WARN_CONSTANT_CONVERSION = YES;
				CLANG_WARN_DEPRECATED_OBJC_IMPLEMENTATIONS = YES;
				CLANG_WARN_DIRECT_OBJC_ISA_USAGE = YES_ERROR;
				CLANG_WARN_DOCUMENTATION_COMMENTS = YES;
				CLANG_WARN_EMPTY_BODY = YES;
				CLANG_WARN_ENUM_CONVERSION = YES;
				CLANG_WARN_INFINITE_RECURSION = YES;
				CLANG_WARN_INT_CONVERSION = YES;
				CLANG_WARN_NON_LITERAL_NULL_CONVERSION = YES;
				CLANG_WARN_OBJC_IMPLICIT_RETAIN_SELF = YES;
				CLANG_WARN_OBJC_LITERAL_CONVERSION = YES;
				CLANG_WARN_OBJC_ROOT_CLASS = YES_ERROR;
				CLANG_WARN_RANGE_LOOP_ANALYSIS = YES;
				CLANG_WARN_STRICT_PROTOTYPES = YES;
				CLANG_WARN_SUSPICIOUS_MOVE = YES;
				CLANG_WARN_UNGUARDED_AVAILABILITY = YES_AGGRESSIVE;
				CLANG_WARN_UNREACHABLE_CODE = YES;
				CLANG_WARN__DUPLICATE_METHOD_MATCH = YES;
				CODE_SIGN_IDENTITY = "iPhone Developer";
				COPY_PHASE_STRIP = NO;
				DEBUG_INFORMATION_FORMAT = dwarf;
				ENABLE_STRICT_OBJC_MSGSEND = YES;
				ENABLE_TESTABILITY = YES;
				GCC_C_LANGUAGE_STANDARD = gnu11;
				GCC_DYNAMIC_NO_PIC = NO;
				GCC_NO_COMMON_BLOCKS = YES;
				GCC_OPTIMIZATION_LEVEL = 0;
				GCC_PREPROCESSOR_DEFINITIONS = (
					"DEBUG=1",
					"$(inherited)",
				);
				GCC_WARN_64_TO_32_BIT_CONVERSION = YES;
				GCC_WARN_ABOUT_RETURN_TYPE = YES_ERROR;
				GCC_WARN_UNDECLARED_SELECTOR = YES;
				GCC_WARN_UNINITIALIZED_AUTOS = YES_AGGRESSIVE;
				GCC_WARN_UNUSED_FUNCTION = YES;
				GCC_WARN_UNUSED_VARIABLE = YES;
				IPHONEOS_DEPLOYMENT_TARGET = 12.1;
				MTL_ENABLE_DEBUG_INFO = INCLUDE_SOURCE;
				MTL_FAST_MATH = YES;
				ONLY_ACTIVE_ARCH = YES;
				SDKROOT = iphoneos;
				SWIFT_ACTIVE_COMPILATION_CONDITIONS = DEBUG;
				SWIFT_OPTIMIZATION_LEVEL = "-Onone";
			};
			name = Debug;
		};
		E8C069CA2245FB9B00760959 /* Release */ = {
			isa = XCBuildConfiguration;
			buildSettings = {
				ALWAYS_SEARCH_USER_PATHS = NO;
				CLANG_ANALYZER_NONNULL = YES;
				CLANG_ANALYZER_NUMBER_OBJECT_CONVERSION = YES_AGGRESSIVE;
				CLANG_CXX_LANGUAGE_STANDARD = "gnu++14";
				CLANG_CXX_LIBRARY = "libc++";
				CLANG_ENABLE_MODULES = YES;
				CLANG_ENABLE_OBJC_ARC = YES;
				CLANG_ENABLE_OBJC_WEAK = YES;
				CLANG_WARN_BLOCK_CAPTURE_AUTORELEASING = YES;
				CLANG_WARN_BOOL_CONVERSION = YES;
				CLANG_WARN_COMMA = YES;
				CLANG_WARN_CONSTANT_CONVERSION = YES;
				CLANG_WARN_DEPRECATED_OBJC_IMPLEMENTATIONS = YES;
				CLANG_WARN_DIRECT_OBJC_ISA_USAGE = YES_ERROR;
				CLANG_WARN_DOCUMENTATION_COMMENTS = YES;
				CLANG_WARN_EMPTY_BODY = YES;
				CLANG_WARN_ENUM_CONVERSION = YES;
				CLANG_WARN_INFINITE_RECURSION = YES;
				CLANG_WARN_INT_CONVERSION = YES;
				CLANG_WARN_NON_LITERAL_NULL_CONVERSION = YES;
				CLANG_WARN_OBJC_IMPLICIT_RETAIN_SELF = YES;
				CLANG_WARN_OBJC_LITERAL_CONVERSION = YES;
				CLANG_WARN_OBJC_ROOT_CLASS = YES_ERROR;
				CLANG_WARN_RANGE_LOOP_ANALYSIS = YES;
				CLANG_WARN_STRICT_PROTOTYPES = YES;
				CLANG_WARN_SUSPICIOUS_MOVE = YES;
				CLANG_WARN_UNGUARDED_AVAILABILITY = YES_AGGRESSIVE;
				CLANG_WARN_UNREACHABLE_CODE = YES;
				CLANG_WARN__DUPLICATE_METHOD_MATCH = YES;
				CODE_SIGN_IDENTITY = "iPhone Developer";
				COPY_PHASE_STRIP = NO;
				DEBUG_INFORMATION_FORMAT = "dwarf-with-dsym";
				ENABLE_NS_ASSERTIONS = NO;
				ENABLE_STRICT_OBJC_MSGSEND = YES;
				GCC_C_LANGUAGE_STANDARD = gnu11;
				GCC_NO_COMMON_BLOCKS = YES;
				GCC_WARN_64_TO_32_BIT_CONVERSION = YES;
				GCC_WARN_ABOUT_RETURN_TYPE = YES_ERROR;
				GCC_WARN_UNDECLARED_SELECTOR = YES;
				GCC_WARN_UNINITIALIZED_AUTOS = YES_AGGRESSIVE;
				GCC_WARN_UNUSED_FUNCTION = YES;
				GCC_WARN_UNUSED_VARIABLE = YES;
				IPHONEOS_DEPLOYMENT_TARGET = 12.1;
				MTL_ENABLE_DEBUG_INFO = NO;
				MTL_FAST_MATH = YES;
				SDKROOT = iphoneos;
				SWIFT_COMPILATION_MODE = wholemodule;
				SWIFT_OPTIMIZATION_LEVEL = "-O";
				VALIDATE_PRODUCT = YES;
			};
			name = Release;
		};
		E8C069CC2245FB9B00760959 /* Debug */ = {
			isa = XCBuildConfiguration;
			baseConfigurationReference = 4E3398D322ED6CC5436C4624 /* Pods-Showa-AppleMusic.debug.xcconfig */;
			buildSettings = {
				ASSETCATALOG_COMPILER_APPICON_NAME = AppIcon;
				CODE_SIGN_STYLE = Automatic;
				DEVELOPMENT_TEAM = 268QRXVK86;
				INFOPLIST_FILE = "Showa-AppleMusic/Info.plist";
				LD_RUNPATH_SEARCH_PATHS = (
					"$(inherited)",
					"@executable_path/Frameworks",
				);
				PRODUCT_BUNDLE_IDENTIFIER = "org.emmieohnuki.Showa-AppleMusic";
				PRODUCT_NAME = "$(TARGET_NAME)";
				SWIFT_VERSION = 4.2;
				TARGETED_DEVICE_FAMILY = "1,2";
			};
			name = Debug;
		};
		E8C069CD2245FB9B00760959 /* Release */ = {
			isa = XCBuildConfiguration;
			baseConfigurationReference = F637BDA21EF1739C0B57E96F /* Pods-Showa-AppleMusic.release.xcconfig */;
			buildSettings = {
				ASSETCATALOG_COMPILER_APPICON_NAME = AppIcon;
				CODE_SIGN_STYLE = Automatic;
				DEVELOPMENT_TEAM = 268QRXVK86;
				INFOPLIST_FILE = "Showa-AppleMusic/Info.plist";
				LD_RUNPATH_SEARCH_PATHS = (
					"$(inherited)",
					"@executable_path/Frameworks",
				);
				PRODUCT_BUNDLE_IDENTIFIER = "org.emmieohnuki.Showa-AppleMusic";
				PRODUCT_NAME = "$(TARGET_NAME)";
				SWIFT_VERSION = 4.2;
				TARGETED_DEVICE_FAMILY = "1,2";
			};
			name = Release;
		};
/* End XCBuildConfiguration section */

/* Begin XCConfigurationList section */
		E8C069B12245FB9900760959 /* Build configuration list for PBXProject "Showa-AppleMusic" */ = {
			isa = XCConfigurationList;
			buildConfigurations = (
				E8C069C92245FB9B00760959 /* Debug */,
				E8C069CA2245FB9B00760959 /* Release */,
			);
			defaultConfigurationIsVisible = 0;
			defaultConfigurationName = Release;
		};
		E8C069CB2245FB9B00760959 /* Build configuration list for PBXNativeTarget "Showa-AppleMusic" */ = {
			isa = XCConfigurationList;
			buildConfigurations = (
				E8C069CC2245FB9B00760959 /* Debug */,
				E8C069CD2245FB9B00760959 /* Release */,
			);
			defaultConfigurationIsVisible = 0;
			defaultConfigurationName = Release;
		};
/* End XCConfigurationList section */

/* Begin XCVersionGroup section */
		E8C069C02245FB9900760959 /* Showa_AppleMusic.xcdatamodeld */ = {
			isa = XCVersionGroup;
			children = (
				E8C069C12245FB9900760959 /* Showa_AppleMusic.xcdatamodel */,
			);
			currentVersion = E8C069C12245FB9900760959 /* Showa_AppleMusic.xcdatamodel */;
			path = Showa_AppleMusic.xcdatamodeld;
			sourceTree = "<group>";
			versionGroupType = wrapper.xcdatamodel;
		};
/* End XCVersionGroup section */
	};
	rootObject = E8C069AE2245FB9900760959 /* Project object */;
}
